{
  "version": 4,
  "terraform_version": "1.3.9",
  "serial": 163,
  "lineage": "fff0401a-2066-d402-b977-db2e5e79af9e",
  "outputs": {},
  "resources": [
    {
      "mode": "managed",
      "type": "aws_ebs_volume",
      "name": "ubuntu-vol",
      "provider": "provider[\"registry.terraform.io/hashicorp/aws\"]",
      "instances": [
        {
          "schema_version": 0,
          "attributes": {
            "arn": "arn:aws:ec2:ap-south-1:222551417679:volume/vol-0931216c1c5c3e540",
            "availability_zone": "ap-south-1b",
            "encrypted": false,
            "final_snapshot": false,
            "id": "vol-0931216c1c5c3e540",
            "iops": 100,
            "kms_key_id": "",
            "multi_attach_enabled": false,
            "outpost_arn": "",
            "size": 10,
            "snapshot_id": "",
            "tags": {
              "Name": "extravolume"
            },
            "tags_all": {
              "Name": "extravolume"
            },
            "throughput": 0,
            "timeouts": null,
            "type": "gp2"
          },
          "sensitive_attributes": [],
          "private": "eyJlMmJmYjczMC1lY2FhLTExZTYtOGY4OC0zNDM2M2JjN2M0YzAiOnsiY3JlYXRlIjozMDAwMDAwMDAwMDAsImRlbGV0ZSI6MzAwMDAwMDAwMDAwLCJ1cGRhdGUiOjMwMDAwMDAwMDAwMH19",
          "dependencies": [
            "aws_instance.ubuntu-ec2"
          ]
        }
      ]
    },
    {
      "mode": "managed",
      "type": "aws_instance",
      "name": "ubuntu-ec2",
      "provider": "provider[\"registry.terraform.io/hashicorp/aws\"]",
      "instances": [
        {
          "schema_version": 1,
          "attributes": {
            "ami": "ami-0caf778a172362f1c",
            "arn": "arn:aws:ec2:ap-south-1:222551417679:instance/i-0f4d26fb2f04ecb58",
            "associate_public_ip_address": true,
            "availability_zone": "ap-south-1b",
            "capacity_reservation_specification": [
              {
                "capacity_reservation_preference": "open",
                "capacity_reservation_target": []
              }
            ],
            "cpu_core_count": 1,
            "cpu_threads_per_core": 1,
            "credit_specification": [
              {
                "cpu_credits": "standard"
              }
            ],
            "disable_api_stop": false,
            "disable_api_termination": false,
            "ebs_block_device": [],
            "ebs_optimized": false,
            "enclave_options": [
              {
                "enabled": false
              }
            ],
            "ephemeral_block_device": [],
            "get_password_data": false,
            "hibernation": false,
            "host_id": "",
            "host_resource_group_arn": null,
            "iam_instance_profile": "",
            "id": "i-0f4d26fb2f04ecb58",
            "instance_initiated_shutdown_behavior": "stop",
            "instance_state": "running",
            "instance_type": "t2.micro",
            "ipv6_address_count": 0,
            "ipv6_addresses": [],
            "key_name": "",
            "launch_template": [],
            "maintenance_options": [
              {
                "auto_recovery": "default"
              }
            ],
            "metadata_options": [
              {
                "http_endpoint": "enabled",
                "http_put_response_hop_limit": 1,
                "http_tokens": "optional",
                "instance_metadata_tags": "disabled"
              }
            ],
            "monitoring": false,
            "network_interface": [],
            "outpost_arn": "",
            "password_data": "",
            "placement_group": "",
            "placement_partition_number": 0,
            "primary_network_interface_id": "eni-08e26e3c51dfcddf9",
            "private_dns": "ip-172-31-2-185.ap-south-1.compute.internal",
            "private_dns_name_options": [
              {
                "enable_resource_name_dns_a_record": false,
                "enable_resource_name_dns_aaaa_record": false,
                "hostname_type": "ip-name"
              }
            ],
            "private_ip": "172.31.2.185",
            "public_dns": "ec2-43-204-143-187.ap-south-1.compute.amazonaws.com",
            "public_ip": "43.204.143.187",
            "root_block_device": [
              {
                "delete_on_termination": true,
                "device_name": "/dev/sda1",
                "encrypted": false,
                "iops": 100,
                "kms_key_id": "",
                "tags": {},
                "throughput": 0,
                "volume_id": "vol-0011dc465c79e5f8d",
                "volume_size": 8,
                "volume_type": "gp2"
              }
            ],
            "secondary_private_ips": [],
            "security_groups": [
              "default"
            ],
            "source_dest_check": true,
            "subnet_id": "subnet-0c45af0250bce69a4",
            "tags": {
              "Name": "Terraform"
            },
            "tags_all": {
              "Name": "Terraform"
            },
            "tenancy": "default",
            "timeouts": null,
            "user_data": "226a2e56503fb339cca3921a1e7a185ad0ae4035",
            "user_data_base64": null,
            "user_data_replace_on_change": false,
            "volume_tags": null,
            "vpc_security_group_ids": [
              "sg-0f2313792b5fdb0a2"
            ]
          },
          "sensitive_attributes": [],
          "private": "eyJlMmJmYjczMC1lY2FhLTExZTYtOGY4OC0zNDM2M2JjN2M0YzAiOnsiY3JlYXRlIjo2MDAwMDAwMDAwMDAsImRlbGV0ZSI6MTIwMDAwMDAwMDAwMCwidXBkYXRlIjo2MDAwMDAwMDAwMDB9LCJzY2hlbWFfdmVyc2lvbiI6IjEifQ=="
        }
      ]
    },
    {
      "mode": "managed",
      "type": "aws_volume_attachment",
      "name": "ubuntu-vol-attach",
      "provider": "provider[\"registry.terraform.io/hashicorp/aws\"]",
      "instances": [
        {
          "schema_version": 0,
          "attributes": {
            "device_name": "/dev/sdh",
            "force_detach": null,
            "id": "vai-1026565432",
            "instance_id": "i-0f4d26fb2f04ecb58",
            "skip_destroy": null,
            "stop_instance_before_detaching": null,
            "timeouts": null,
            "volume_id": "vol-0931216c1c5c3e540"
          },
          "sensitive_attributes": [],
          "private": "eyJlMmJmYjczMC1lY2FhLTExZTYtOGY4OC0zNDM2M2JjN2M0YzAiOnsiY3JlYXRlIjozMDAwMDAwMDAwMDAsImRlbGV0ZSI6MzAwMDAwMDAwMDAwfX0=",
          "dependencies": [
            "aws_ebs_volume.ubuntu-vol",
            "aws_instance.ubuntu-ec2"
          ]
        }
      ]
    },
    {
      "mode": "managed",
      "type": "google_compute_attached_disk",
      "name": "vm-disk-attach",
      "provider": "provider[\"registry.terraform.io/hashicorp/google\"]",
      "instances": [
        {
          "schema_version": 0,
          "attributes": {
            "device_name": "persistent-disk-1",
            "disk": "projects/sinuous-transit-377210/zones/us-central1-a/disks/add-disk",
            "id": "projects/sinuous-transit-377210/zones/us-central1-a/instances/terraform-instance/add-disk",
            "instance": "projects/sinuous-transit-377210/zones/us-central1-a/instances/terraform-instance",
            "mode": "READ_WRITE",
            "project": "sinuous-transit-377210",
            "timeouts": null,
            "zone": "us-central1-a"
          },
          "sensitive_attributes": [],
          "private": "eyJlMmJmYjczMC1lY2FhLTExZTYtOGY4OC0zNDM2M2JjN2M0YzAiOnsiY3JlYXRlIjozMDAwMDAwMDAwMDAsImRlbGV0ZSI6MzAwMDAwMDAwMDAwfX0=",
          "dependencies": [
            "google_compute_disk.attach-disk",
            "google_compute_instance.ubuntu-vm"
          ]
        }
      ]
    },
    {
      "mode": "managed",
      "type": "google_compute_disk",
      "name": "attach-disk",
      "provider": "provider[\"registry.terraform.io/hashicorp/google\"]",
      "instances": [
        {
          "schema_version": 0,
          "attributes": {
            "creation_timestamp": "2023-02-26T21:43:09.409-08:00",
            "description": "",
            "disk_encryption_key": [],
            "id": "projects/sinuous-transit-377210/zones/us-central1-a/disks/add-disk",
            "image": "",
            "label_fingerprint": "42WmSpB8rSM=",
            "labels": null,
            "last_attach_timestamp": "",
            "last_detach_timestamp": "",
            "name": "add-disk",
            "physical_block_size_bytes": 4096,
            "project": "sinuous-transit-377210",
            "provisioned_iops": 0,
            "self_link": "https://www.googleapis.com/compute/v1/projects/sinuous-transit-377210/zones/us-central1-a/disks/add-disk",
            "size": 16,
            "snapshot": "",
            "source_disk": "",
            "source_disk_id": "",
            "source_image_encryption_key": [],
            "source_image_id": "",
            "source_snapshot_encryption_key": [],
            "source_snapshot_id": "",
            "timeouts": null,
            "type": "pd-ssd",
            "users": [],
            "zone": "us-central1-a"
          },
          "sensitive_attributes": [],
          "private": "eyJlMmJmYjczMC1lY2FhLTExZTYtOGY4OC0zNDM2M2JjN2M0YzAiOnsiY3JlYXRlIjoxMjAwMDAwMDAwMDAwLCJkZWxldGUiOjEyMDAwMDAwMDAwMDAsInVwZGF0ZSI6MTIwMDAwMDAwMDAwMH19"
        }
      ]
    },
    {
      "mode": "managed",
      "type": "google_compute_instance",
      "name": "ubuntu-vm",
      "provider": "provider[\"registry.terraform.io/hashicorp/google\"]",
      "instances": [
        {
          "schema_version": 6,
          "attributes": {
            "advanced_machine_features": [],
            "allow_stopping_for_update": null,
            "attached_disk": [],
            "boot_disk": [
              {
                "auto_delete": true,
                "device_name": "persistent-disk-0",
                "disk_encryption_key_raw": "",
                "disk_encryption_key_sha256": "",
                "initialize_params": [
                  {
                    "image": "https://www.googleapis.com/compute/v1/projects/ubuntu-os-cloud/global/images/ubuntu-2004-focal-v20230213",
                    "labels": {},
                    "size": 10,
                    "type": "pd-standard"
                  }
                ],
                "kms_key_self_link": "",
                "mode": "READ_WRITE",
                "source": "https://www.googleapis.com/compute/v1/projects/sinuous-transit-377210/zones/us-central1-a/disks/terraform-instance"
              }
            ],
            "can_ip_forward": false,
            "confidential_instance_config": [],
            "cpu_platform": "Intel Haswell",
            "current_status": "RUNNING",
            "deletion_protection": false,
            "description": "",
            "desired_status": null,
            "enable_display": false,
            "guest_accelerator": [],
            "hostname": "",
            "id": "projects/sinuous-transit-377210/zones/us-central1-a/instances/terraform-instance",
            "instance_id": "4172174167003757569",
            "label_fingerprint": "42WmSpB8rSM=",
            "labels": null,
            "machine_type": "f1-micro",
            "metadata": null,
            "metadata_fingerprint": "03sXv9vbr1I=",
            "metadata_startup_script": "sudo apt-get update \u0026\u0026 sudo apt-get install -y python3.9 \u0026\u0026 sudo update-alternatives --install /usr/bin/python3 python3 /usr/bin/python3.9 1",
            "min_cpu_platform": "",
            "name": "terraform-instance",
            "network_interface": [
              {
                "access_config": [
                  {
                    "nat_ip": "34.28.98.136",
                    "network_tier": "PREMIUM",
                    "public_ptr_domain_name": ""
                  }
                ],
                "alias_ip_range": [],
                "ipv6_access_config": [],
                "ipv6_access_type": "",
                "name": "nic0",
                "network": "https://www.googleapis.com/compute/v1/projects/sinuous-transit-377210/global/networks/default",
                "network_ip": "10.128.0.25",
                "nic_type": "",
                "queue_count": 0,
                "stack_type": "IPV4_ONLY",
                "subnetwork": "https://www.googleapis.com/compute/v1/projects/sinuous-transit-377210/regions/us-central1/subnetworks/default",
                "subnetwork_project": "sinuous-transit-377210"
              }
            ],
            "project": "sinuous-transit-377210",
            "reservation_affinity": [],
            "resource_policies": null,
            "scheduling": [
              {
                "automatic_restart": true,
                "instance_termination_action": "",
                "min_node_cpus": 0,
                "node_affinities": [],
                "on_host_maintenance": "MIGRATE",
                "preemptible": false,
                "provisioning_model": "STANDARD"
              }
            ],
            "scratch_disk": [],
            "self_link": "https://www.googleapis.com/compute/v1/projects/sinuous-transit-377210/zones/us-central1-a/instances/terraform-instance",
            "service_account": [],
            "shielded_instance_config": [
              {
                "enable_integrity_monitoring": true,
                "enable_secure_boot": false,
                "enable_vtpm": true
              }
            ],
            "tags": null,
            "tags_fingerprint": "42WmSpB8rSM=",
            "timeouts": null,
            "zone": "us-central1-a"
          },
          "sensitive_attributes": [],
          "private": "eyJlMmJmYjczMC1lY2FhLTExZTYtOGY4OC0zNDM2M2JjN2M0YzAiOnsiY3JlYXRlIjoxMjAwMDAwMDAwMDAwLCJkZWxldGUiOjEyMDAwMDAwMDAwMDAsInVwZGF0ZSI6MTIwMDAwMDAwMDAwMH0sInNjaGVtYV92ZXJzaW9uIjoiNiJ9"
        }
      ]
    }
  ],
  "check_results": null
}
